// !$*UTF8*$!
{
	archiveVersion = 1;
	classes = {
	};
	objectVersion = 56;
	objects = {

/* Begin PBXBuildFile section */
		A34582EE2AC6054A00F9B4AD /* AudioProcessView.swift in Sources */ = {isa = PBXBuildFile; fileRef = A34582ED2AC6054A00F9B4AD /* AudioProcessView.swift */; };
		A34582F02AC6059900F9B4AD /* AudioTapView.swift in Sources */ = {isa = PBXBuildFile; fileRef = A34582EF2AC6059900F9B4AD /* AudioTapView.swift */; };
		A34582F22AC6061A00F9B4AD /* AggregateDeviceView.swift in Sources */ = {isa = PBXBuildFile; fileRef = A34582F12AC6061A00F9B4AD /* AggregateDeviceView.swift */; };
		A34582F42AC6068000F9B4AD /* AudioIOView.swift in Sources */ = {isa = PBXBuildFile; fileRef = A34582F32AC6068000F9B4AD /* AudioIOView.swift */; };
		A34582F72AC60B4600F9B4AD /* TapConfigView.swift in Sources */ = {isa = PBXBuildFile; fileRef = A34582F62AC60B4600F9B4AD /* TapConfigView.swift */; };
		A348E03F2AA9203000CCC934 /* AudioTapSampleApp.swift in Sources */ = {isa = PBXBuildFile; fileRef = A348E03E2AA9203000CCC934 /* AudioTapSampleApp.swift */; };
		A348E0412AA9203000CCC934 /* ContentView.swift in Sources */ = {isa = PBXBuildFile; fileRef = A348E0402AA9203000CCC934 /* ContentView.swift */; };
		A348E0432AA9203200CCC934 /* Assets.xcassets in Resources */ = {isa = PBXBuildFile; fileRef = A348E0422AA9203200CCC934 /* Assets.xcassets */; };
		A348E0462AA9203200CCC934 /* Preview Assets.xcassets in Resources */ = {isa = PBXBuildFile; fileRef = A348E0452AA9203200CCC934 /* Preview Assets.xcassets */; };
		A348E04E2AA9230600CCC934 /* Model.swift in Sources */ = {isa = PBXBuildFile; fileRef = A348E04D2AA9230600CCC934 /* Model.swift */; };
		A355D3E32AC2687C00D3A106 /* AudioProcess.swift in Sources */ = {isa = PBXBuildFile; fileRef = A355D3E22AC2687C00D3A106 /* AudioProcess.swift */; };
		A355D3E72AC270F900D3A106 /* AudioTap.swift in Sources */ = {isa = PBXBuildFile; fileRef = A355D3E62AC270F900D3A106 /* AudioTap.swift */; };
		A355D3E92AC274EE00D3A106 /* AudioDevice.swift in Sources */ = {isa = PBXBuildFile; fileRef = A355D3E82AC274EE00D3A106 /* AudioDevice.swift */; };
		A355D3EB2AC2750B00D3A106 /* AggregateDevice.swift in Sources */ = {isa = PBXBuildFile; fileRef = A355D3EA2AC2750B00D3A106 /* AggregateDevice.swift */; };
		A3BFE3102AB26E6100C147C9 /* AudioRecorder.mm in Sources */ = {isa = PBXBuildFile; fileRef = A3BFE30F2AB26E6100C147C9 /* AudioRecorder.mm */; };
/* End PBXBuildFile section */

/* Begin PBXFileReference section */
		2D45EEABC41981B69F4169DE /* README.md */ = {isa = PBXFileReference; lastKnownFileType = net.daringfireball.markdown; path = README.md; sourceTree = "<group>"; };
		721AB584ED33DD956CA3C4A5 /* SampleCode.xcconfig */ = {isa = PBXFileReference; name = SampleCode.xcconfig; path = Configuration/SampleCode.xcconfig; sourceTree = "<group>"; };
		A34582ED2AC6054A00F9B4AD /* AudioProcessView.swift */ = {isa = PBXFileReference; lastKnownFileType = sourcecode.swift; path = AudioProcessView.swift; sourceTree = "<group>"; };
		A34582EF2AC6059900F9B4AD /* AudioTapView.swift */ = {isa = PBXFileReference; lastKnownFileType = sourcecode.swift; path = AudioTapView.swift; sourceTree = "<group>"; };
		A34582F12AC6061A00F9B4AD /* AggregateDeviceView.swift */ = {isa = PBXFileReference; lastKnownFileType = sourcecode.swift; path = AggregateDeviceView.swift; sourceTree = "<group>"; };
		A34582F32AC6068000F9B4AD /* AudioIOView.swift */ = {isa = PBXFileReference; lastKnownFileType = sourcecode.swift; path = AudioIOView.swift; sourceTree = "<group>"; };
		A34582F62AC60B4600F9B4AD /* TapConfigView.swift */ = {isa = PBXFileReference; lastKnownFileType = sourcecode.swift; path = TapConfigView.swift; sourceTree = "<group>"; };
		A348E03B2AA9203000CCC934 /* AudioTapSample.app */ = {isa = PBXFileReference; explicitFileType = wrapper.application; includeInIndex = 0; path = AudioTapSample.app; sourceTree = BUILT_PRODUCTS_DIR; };
		A348E03E2AA9203000CCC934 /* AudioTapSampleApp.swift */ = {isa = PBXFileReference; lastKnownFileType = sourcecode.swift; path = AudioTapSampleApp.swift; sourceTree = "<group>"; };
		A348E0402AA9203000CCC934 /* ContentView.swift */ = {isa = PBXFileReference; lastKnownFileType = sourcecode.swift; path = ContentView.swift; sourceTree = "<group>"; };
		A348E0422AA9203200CCC934 /* Assets.xcassets */ = {isa = PBXFileReference; lastKnownFileType = folder.assetcatalog; path = Assets.xcassets; sourceTree = "<group>"; };
		A348E0452AA9203200CCC934 /* Preview Assets.xcassets */ = {isa = PBXFileReference; lastKnownFileType = folder.assetcatalog; path = "Preview Assets.xcassets"; sourceTree = "<group>"; };
		A348E0472AA9203200CCC934 /* AudioTapSample.entitlements */ = {isa = PBXFileReference; lastKnownFileType = text.plist.entitlements; path = AudioTapSample.entitlements; sourceTree = "<group>"; };
		A348E04D2AA9230600CCC934 /* Model.swift */ = {isa = PBXFileReference; lastKnownFileType = sourcecode.swift; path = Model.swift; sourceTree = "<group>"; };
		A355D3E22AC2687C00D3A106 /* AudioProcess.swift */ = {isa = PBXFileReference; lastKnownFileType = sourcecode.swift; path = AudioProcess.swift; sourceTree = "<group>"; };
		A355D3E62AC270F900D3A106 /* AudioTap.swift */ = {isa = PBXFileReference; lastKnownFileType = sourcecode.swift; path = AudioTap.swift; sourceTree = "<group>"; };
		A355D3E82AC274EE00D3A106 /* AudioDevice.swift */ = {isa = PBXFileReference; lastKnownFileType = sourcecode.swift; path = AudioDevice.swift; sourceTree = "<group>"; };
		A355D3EA2AC2750B00D3A106 /* AggregateDevice.swift */ = {isa = PBXFileReference; lastKnownFileType = sourcecode.swift; path = AggregateDevice.swift; sourceTree = "<group>"; };
		A3BFE30E2AB26E6000C147C9 /* AudioTapSample-Bridging-Header.h */ = {isa = PBXFileReference; lastKnownFileType = sourcecode.c.h; path = "AudioTapSample-Bridging-Header.h"; sourceTree = "<group>"; };
		A3BFE30F2AB26E6100C147C9 /* AudioRecorder.mm */ = {isa = PBXFileReference; lastKnownFileType = sourcecode.cpp.objcpp; path = AudioRecorder.mm; sourceTree = "<group>"; };
		A3BFE3112AB26EA600C147C9 /* AudioRecorder.h */ = {isa = PBXFileReference; lastKnownFileType = sourcecode.c.h; path = AudioRecorder.h; sourceTree = "<group>"; };
		A3D1BEBD2AD08E210048B70D /* Info.plist */ = {isa = PBXFileReference; lastKnownFileType = text.plist; path = Info.plist; sourceTree = "<group>"; };
		CEDF171F96E778744C5BE993 /* LICENSE.txt */ = {isa = PBXFileReference; includeInIndex = 1; path = LICENSE.txt; sourceTree = "<group>"; };
/* End PBXFileReference section */

/* Begin PBXFrameworksBuildPhase section */
		A348E0382AA9203000CCC934 /* Frameworks */ = {
			isa = PBXFrameworksBuildPhase;
			buildActionMask = 2147483647;
			files = (
			);
			runOnlyForDeploymentPostprocessing = 0;
		};
/* End PBXFrameworksBuildPhase section */

/* Begin PBXGroup section */
		1B082D1FE3FED30C3925B9FF /* Configuration */ = {
			isa = PBXGroup;
			children = (
				721AB584ED33DD956CA3C4A5 /* SampleCode.xcconfig */,
			);
			name = Configuration;
			sourceTree = "<group>";
		};
		591DC58B7ECE37C15FA0E085 /* LICENSE */ = {
			isa = PBXGroup;
			children = (
				CEDF171F96E778744C5BE993 /* LICENSE.txt */,
			);
			name = LICENSE;
			path = .;
			sourceTree = "<group>";
		};
		A34582F52AC607D900F9B4AD /* Views */ = {
			isa = PBXGroup;
			children = (
				A348E0402AA9203000CCC934 /* ContentView.swift */,
				A34582ED2AC6054A00F9B4AD /* AudioProcessView.swift */,
				A34582EF2AC6059900F9B4AD /* AudioTapView.swift */,
				A34582F62AC60B4600F9B4AD /* TapConfigView.swift */,
				A34582F12AC6061A00F9B4AD /* AggregateDeviceView.swift */,
				A34582F32AC6068000F9B4AD /* AudioIOView.swift */,
			);
			path = Views;
			sourceTree = "<group>";
		};
		A348E0322AA9203000CCC934 = {
			isa = PBXGroup;
			children = (
				2D45EEABC41981B69F4169DE /* README.md */,
				A348E03D2AA9203000CCC934 /* AudioTapSample */,
				A348E03C2AA9203000CCC934 /* Products */,
				1B082D1FE3FED30C3925B9FF /* Configuration */,
				591DC58B7ECE37C15FA0E085 /* LICENSE */,
			);
			sourceTree = "<group>";
		};
		A348E03C2AA9203000CCC934 /* Products */ = {
			isa = PBXGroup;
			children = (
				A348E03B2AA9203000CCC934 /* AudioTapSample.app */,
			);
			name = Products;
			sourceTree = "<group>";
		};
		A348E03D2AA9203000CCC934 /* AudioTapSample */ = {
			isa = PBXGroup;
			children = (
				A3D1BEBD2AD08E210048B70D /* Info.plist */,
				A348E03E2AA9203000CCC934 /* AudioTapSampleApp.swift */,
				A34582F52AC607D900F9B4AD /* Views */,
				A348E04D2AA9230600CCC934 /* Model.swift */,
				A355D3E82AC274EE00D3A106 /* AudioDevice.swift */,
				A355D3EA2AC2750B00D3A106 /* AggregateDevice.swift */,
				A355D3E62AC270F900D3A106 /* AudioTap.swift */,
				A355D3E22AC2687C00D3A106 /* AudioProcess.swift */,
				A3BFE30E2AB26E6000C147C9 /* AudioTapSample-Bridging-Header.h */,
				A3BFE30F2AB26E6100C147C9 /* AudioRecorder.mm */,
				A3BFE3112AB26EA600C147C9 /* AudioRecorder.h */,
				A348E0422AA9203200CCC934 /* Assets.xcassets */,
				A348E0472AA9203200CCC934 /* AudioTapSample.entitlements */,
				A348E0442AA9203200CCC934 /* Preview Content */,
			);
			path = AudioTapSample;
			sourceTree = "<group>";
		};
		A348E0442AA9203200CCC934 /* Preview Content */ = {
			isa = PBXGroup;
			children = (
				A348E0452AA9203200CCC934 /* Preview Assets.xcassets */,
			);
			path = "Preview Content";
			sourceTree = "<group>";
		};
/* End PBXGroup section */

/* Begin PBXNativeTarget section */
		A348E03A2AA9203000CCC934 /* AudioTapSample */ = {
			isa = PBXNativeTarget;
			buildConfigurationList = A348E04A2AA9203200CCC934 /* Build configuration list for PBXNativeTarget "AudioTapSample" */;
			buildPhases = (
				A348E0372AA9203000CCC934 /* Sources */,
				A348E0382AA9203000CCC934 /* Frameworks */,
				A348E0392AA9203000CCC934 /* Resources */,
			);
			buildRules = (
			);
			dependencies = (
			);
			name = AudioTapSample;
			productName = AudioTapSample;
			productReference = A348E03B2AA9203000CCC934 /* AudioTapSample.app */;
			productType = "com.apple.product-type.application";
		};
/* End PBXNativeTarget section */

/* Begin PBXProject section */
		A348E0332AA9203000CCC934 /* Project object */ = {
			isa = PBXProject;
			attributes = {
				BuildIndependentTargetsInParallel = 1;
				LastSwiftUpdateCheck = 1500;
				LastUpgradeCheck = 1530;
				ORGANIZATIONNAME = Apple;
				TargetAttributes = {
					A348E03A2AA9203000CCC934 = {
						CreatedOnToolsVersion = 15.0;
						LastSwiftMigration = 1500;
					};
				};
			};
			buildConfigurationList = A348E0362AA9203000CCC934 /* Build configuration list for PBXProject "AudioTapSample" */;
			compatibilityVersion = "Xcode 14.0";
			developmentRegion = en;
			hasScannedForEncodings = 0;
			knownRegions = (
				en,
				Base,
			);
			mainGroup = A348E0322AA9203000CCC934;
			productRefGroup = A348E03C2AA9203000CCC934 /* Products */;
			projectDirPath = "";
			projectRoot = "";
			targets = (
				A348E03A2AA9203000CCC934 /* AudioTapSample */,
			);
		};
/* End PBXProject section */

/* Begin PBXResourcesBuildPhase section */
		A348E0392AA9203000CCC934 /* Resources */ = {
			isa = PBXResourcesBuildPhase;
			buildActionMask = 2147483647;
			files = (
				A348E0462AA9203200CCC934 /* Preview Assets.xcassets in Resources */,
				A348E0432AA9203200CCC934 /* Assets.xcassets in Resources */,
			);
			runOnlyForDeploymentPostprocessing = 0;
		};
/* End PBXResourcesBuildPhase section */

/* Begin PBXSourcesBuildPhase section */
		A348E0372AA9203000CCC934 /* Sources */ = {
			isa = PBXSourcesBuildPhase;
			buildActionMask = 2147483647;
			files = (
				A34582F02AC6059900F9B4AD /* AudioTapView.swift in Sources */,
				A355D3EB2AC2750B00D3A106 /* AggregateDevice.swift in Sources */,
				A34582F72AC60B4600F9B4AD /* TapConfigView.swift in Sources */,
				A355D3E72AC270F900D3A106 /* AudioTap.swift in Sources */,
				A348E04E2AA9230600CCC934 /* Model.swift in Sources */,
				A348E0412AA9203000CCC934 /* ContentView.swift in Sources */,
				A34582F42AC6068000F9B4AD /* AudioIOView.swift in Sources */,
				A3BFE3102AB26E6100C147C9 /* AudioRecorder.mm in Sources */,
				A348E03F2AA9203000CCC934 /* AudioTapSampleApp.swift in Sources */,
				A355D3E92AC274EE00D3A106 /* AudioDevice.swift in Sources */,
				A355D3E32AC2687C00D3A106 /* AudioProcess.swift in Sources */,
				A34582F22AC6061A00F9B4AD /* AggregateDeviceView.swift in Sources */,
				A34582EE2AC6054A00F9B4AD /* AudioProcessView.swift in Sources */,
			);
			runOnlyForDeploymentPostprocessing = 0;
		};
/* End PBXSourcesBuildPhase section */

/* Begin XCBuildConfiguration section */
		A348E0482AA9203200CCC934 /* Debug */ = {
			isa = XCBuildConfiguration;
			baseConfigurationReference = 721AB584ED33DD956CA3C4A5 /* SampleCode.xcconfig */;
			buildSettings = {
				ALWAYS_SEARCH_USER_PATHS = NO;
				ASSETCATALOG_COMPILER_GENERATE_SWIFT_ASSET_SYMBOL_EXTENSIONS = YES;
				CLANG_ANALYZER_NONNULL = YES;
				CLANG_ANALYZER_NUMBER_OBJECT_CONVERSION = YES_AGGRESSIVE;
				CLANG_CXX_LANGUAGE_STANDARD = "gnu++20";
				CLANG_ENABLE_MODULES = YES;
				CLANG_ENABLE_OBJC_ARC = YES;
				CLANG_ENABLE_OBJC_WEAK = YES;
				CLANG_WARN_BLOCK_CAPTURE_AUTORELEASING = YES;
				CLANG_WARN_BOOL_CONVERSION = YES;
				CLANG_WARN_COMMA = YES;
				CLANG_WARN_CONSTANT_CONVERSION = YES;
				CLANG_WARN_DEPRECATED_OBJC_IMPLEMENTATIONS = YES;
				CLANG_WARN_DIRECT_OBJC_ISA_USAGE = YES_ERROR;
				CLANG_WARN_DOCUMENTATION_COMMENTS = YES;
				CLANG_WARN_EMPTY_BODY = YES;
				CLANG_WARN_ENUM_CONVERSION = YES;
				CLANG_WARN_INFINITE_RECURSION = YES;
				CLANG_WARN_INT_CONVERSION = YES;
				CLANG_WARN_NON_LITERAL_NULL_CONVERSION = YES;
				CLANG_WARN_OBJC_IMPLICIT_RETAIN_SELF = YES;
				CLANG_WARN_OBJC_LITERAL_CONVERSION = YES;
				CLANG_WARN_OBJC_ROOT_CLASS = YES_ERROR;
				CLANG_WARN_QUOTED_INCLUDE_IN_FRAMEWORK_HEADER = YES;
				CLANG_WARN_RANGE_LOOP_ANALYSIS = YES;
				CLANG_WARN_STRICT_PROTOTYPES = YES;
				CLANG_WARN_SUSPICIOUS_MOVE = YES;
				CLANG_WARN_UNGUARDED_AVAILABILITY = YES_AGGRESSIVE;
				CLANG_WARN_UNREACHABLE_CODE = YES;
				CLANG_WARN__DUPLICATE_METHOD_MATCH = YES;
				COPY_PHASE_STRIP = NO;
				DEAD_CODE_STRIPPING = YES;
				DEBUG_INFORMATION_FORMAT = dwarf;
				ENABLE_STRICT_OBJC_MSGSEND = YES;
				ENABLE_TESTABILITY = YES;
				ENABLE_USER_SCRIPT_SANDBOXING = YES;
				GCC_C_LANGUAGE_STANDARD = gnu17;
				GCC_DYNAMIC_NO_PIC = NO;
				GCC_NO_COMMON_BLOCKS = YES;
				GCC_OPTIMIZATION_LEVEL = 0;
				GCC_PREPROCESSOR_DEFINITIONS = (
					"DEBUG=1",
					"$(inherited)",
				);
				GCC_WARN_64_TO_32_BIT_CONVERSION = YES;
				GCC_WARN_ABOUT_RETURN_TYPE = YES_ERROR;
				GCC_WARN_UNDECLARED_SELECTOR = YES;
				GCC_WARN_UNINITIALIZED_AUTOS = YES_AGGRESSIVE;
				GCC_WARN_UNUSED_FUNCTION = YES;
				GCC_WARN_UNUSED_VARIABLE = YES;
				LOCALIZATION_PREFERS_STRING_CATALOGS = YES;
				MACOSX_DEPLOYMENT_TARGET = 14.2;
				MTL_ENABLE_DEBUG_INFO = INCLUDE_SOURCE;
				MTL_FAST_MATH = YES;
				ONLY_ACTIVE_ARCH = YES;
				SDKROOT = macosx;
				SWIFT_ACTIVE_COMPILATION_CONDITIONS = "DEBUG $(inherited)";
				SWIFT_OPTIMIZATION_LEVEL = "-Onone";
			};
			name = Debug;
		};
		A348E0492AA9203200CCC934 /* Release */ = {
			isa = XCBuildConfiguration;
			baseConfigurationReference = 721AB584ED33DD956CA3C4A5 /* SampleCode.xcconfig */;
			buildSettings = {
				ALWAYS_SEARCH_USER_PATHS = NO;
				ASSETCATALOG_COMPILER_GENERATE_SWIFT_ASSET_SYMBOL_EXTENSIONS = YES;
				CLANG_ANALYZER_NONNULL = YES;
				CLANG_ANALYZER_NUMBER_OBJECT_CONVERSION = YES_AGGRESSIVE;
				CLANG_CXX_LANGUAGE_STANDARD = "gnu++20";
				CLANG_ENABLE_MODULES = YES;
				CLANG_ENABLE_OBJC_ARC = YES;
				CLANG_ENABLE_OBJC_WEAK = YES;
				CLANG_WARN_BLOCK_CAPTURE_AUTORELEASING = YES;
				CLANG_WARN_BOOL_CONVERSION = YES;
				CLANG_WARN_COMMA = YES;
				CLANG_WARN_CONSTANT_CONVERSION = YES;
				CLANG_WARN_DEPRECATED_OBJC_IMPLEMENTATIONS = YES;
				CLANG_WARN_DIRECT_OBJC_ISA_USAGE = YES_ERROR;
				CLANG_WARN_DOCUMENTATION_COMMENTS = YES;
				CLANG_WARN_EMPTY_BODY = YES;
				CLANG_WARN_ENUM_CONVERSION = YES;
				CLANG_WARN_INFINITE_RECURSION = YES;
				CLANG_WARN_INT_CONVERSION = YES;
				CLANG_WARN_NON_LITERAL_NULL_CONVERSION = YES;
				CLANG_WARN_OBJC_IMPLICIT_RETAIN_SELF = YES;
				CLANG_WARN_OBJC_LITERAL_CONVERSION = YES;
				CLANG_WARN_OBJC_ROOT_CLASS = YES_ERROR;
				CLANG_WARN_QUOTED_INCLUDE_IN_FRAMEWORK_HEADER = YES;
				CLANG_WARN_RANGE_LOOP_ANALYSIS = YES;
				CLANG_WARN_STRICT_PROTOTYPES = YES;
				CLANG_WARN_SUSPICIOUS_MOVE = YES;
				CLANG_WARN_UNGUARDED_AVAILABILITY = YES_AGGRESSIVE;
				CLANG_WARN_UNREACHABLE_CODE = YES;
				CLANG_WARN__DUPLICATE_METHOD_MATCH = YES;
				COPY_PHASE_STRIP = NO;
				DEAD_CODE_STRIPPING = YES;
				DEBUG_INFORMATION_FORMAT = "dwarf-with-dsym";
				ENABLE_NS_ASSERTIONS = NO;
				ENABLE_STRICT_OBJC_MSGSEND = YES;
				ENABLE_USER_SCRIPT_SANDBOXING = YES;
				GCC_C_LANGUAGE_STANDARD = gnu17;
				GCC_NO_COMMON_BLOCKS = YES;
				GCC_WARN_64_TO_32_BIT_CONVERSION = YES;
				GCC_WARN_ABOUT_RETURN_TYPE = YES_ERROR;
				GCC_WARN_UNDECLARED_SELECTOR = YES;
				GCC_WARN_UNINITIALIZED_AUTOS = YES_AGGRESSIVE;
				GCC_WARN_UNUSED_FUNCTION = YES;
				GCC_WARN_UNUSED_VARIABLE = YES;
				LOCALIZATION_PREFERS_STRING_CATALOGS = YES;
				MACOSX_DEPLOYMENT_TARGET = 14.2;
				MTL_ENABLE_DEBUG_INFO = NO;
				MTL_FAST_MATH = YES;
				SDKROOT = macosx;
				SWIFT_COMPILATION_MODE = wholemodule;
			};
			name = Release;
		};
		A348E04B2AA9203200CCC934 /* Debug */ = {
			isa = XCBuildConfiguration;
			baseConfigurationReference = 721AB584ED33DD956CA3C4A5 /* SampleCode.xcconfig */;
			buildSettings = {
				ASSETCATALOG_COMPILER_APPICON_NAME = AppIcon;
				ASSETCATALOG_COMPILER_GLOBAL_ACCENT_COLOR_NAME = AccentColor;
				CLANG_ENABLE_MODULES = YES;
				CODE_SIGN_ENTITLEMENTS = AudioTapSample/AudioTapSample.entitlements;
				CODE_SIGN_IDENTITY = "Mac Developer";
				CODE_SIGN_STYLE = Automatic;
				COMBINE_HIDPI_IMAGES = YES;
				CURRENT_PROJECT_VERSION = 1;
				DEAD_CODE_STRIPPING = YES;
				DEVELOPMENT_ASSET_PATHS = "\"AudioTapSample/Preview Content\"";
				DEVELOPMENT_TEAM = "";
				ENABLE_HARDENED_RUNTIME = YES;
				ENABLE_PREVIEWS = YES;
				ENABLE_USER_SCRIPT_SANDBOXING = YES;
				GENERATE_INFOPLIST_FILE = YES;
				INFOPLIST_FILE = AudioTapSample/Info.plist;
				INFOPLIST_KEY_NSHumanReadableCopyright = "";
				INFOPLIST_KEY_NSMicrophoneUsageDescription = "This app requires access to microphone audio";
				LD_RUNPATH_SEARCH_PATHS = (
					"$(inherited)",
					"@executable_path/../Frameworks",
				);
				MACOSX_DEPLOYMENT_TARGET = 14.2;
				MARKETING_VERSION = 1.0;
				PRODUCT_BUNDLE_IDENTIFIER = "com.example.apple-samplecode.AudioTapSample${SAMPLE_CODE_DISAMBIGUATOR}";
				PRODUCT_NAME = "$(TARGET_NAME)";
				PROVISIONING_PROFILE_SPECIFIER = "";
				SWIFT_EMIT_LOC_STRINGS = YES;
				SWIFT_OBJC_BRIDGING_HEADER = "AudioTapSample/AudioTapSample-Bridging-Header.h";
				SWIFT_OPTIMIZATION_LEVEL = "-Onone";
				SWIFT_VERSION = 5.0;
			};
			name = Debug;
		};
		A348E04C2AA9203200CCC934 /* Release */ = {
			isa = XCBuildConfiguration;
			baseConfigurationReference = 721AB584ED33DD956CA3C4A5 /* SampleCode.xcconfig */;
			buildSettings = {
				ASSETCATALOG_COMPILER_APPICON_NAME = AppIcon;
				ASSETCATALOG_COMPILER_GLOBAL_ACCENT_COLOR_NAME = AccentColor;
				CLANG_ENABLE_MODULES = YES;
				CODE_SIGN_ENTITLEMENTS = AudioTapSample/AudioTapSample.entitlements;
				CODE_SIGN_IDENTITY = "Mac Developer";
				CODE_SIGN_STYLE = Automatic;
				COMBINE_HIDPI_IMAGES = YES;
				CURRENT_PROJECT_VERSION = 1;
				DEAD_CODE_STRIPPING = YES;
				DEVELOPMENT_ASSET_PATHS = "\"AudioTapSample/Preview Content\"";
				DEVELOPMENT_TEAM = "";
				ENABLE_HARDENED_RUNTIME = YES;
				ENABLE_PREVIEWS = YES;
				ENABLE_USER_SCRIPT_SANDBOXING = YES;
				GENERATE_INFOPLIST_FILE = YES;
				INFOPLIST_FILE = AudioTapSample/Info.plist;
				INFOPLIST_KEY_NSHumanReadableCopyright = "";
				INFOPLIST_KEY_NSMicrophoneUsageDescription = "This app requires access to microphone audio";
				LD_RUNPATH_SEARCH_PATHS = (
					"$(inherited)",
					"@executable_path/../Frameworks",
				);
				MACOSX_DEPLOYMENT_TARGET = 14.2;
				MARKETING_VERSION = 1.0;
				PRODUCT_BUNDLE_IDENTIFIER = "com.example.apple-samplecode.AudioTapSample${SAMPLE_CODE_DISAMBIGUATOR}";
				PRODUCT_NAME = "$(TARGET_NAME)";
				PROVISIONING_PROFILE_SPECIFIER = "";
				SWIFT_EMIT_LOC_STRINGS = YES;
				SWIFT_OBJC_BRIDGING_HEADER = "AudioTapSample/AudioTapSample-Bridging-Header.h";
				SWIFT_VERSION = 5.0;
			};
			name = Release;
		};
/* End XCBuildConfiguration section */

/* Begin XCConfigurationList section */
		A348E0362AA9203000CCC934 /* Build configuration list for PBXProject "AudioTapSample" */ = {
			isa = XCConfigurationList;
			buildConfigurations = (
				A348E0482AA9203200CCC934 /* Debug */,
				A348E0492AA9203200CCC934 /* Release */,
			);
			defaultConfigurationIsVisible = 0;
			defaultConfigurationName = Release;
		};
		A348E04A2AA9203200CCC934 /* Build configuration list for PBXNativeTarget "AudioTapSample" */ = {
			isa = XCConfigurationList;
			buildConfigurations = (
				A348E04B2AA9203200CCC934 /* Debug */,
				A348E04C2AA9203200CCC934 /* Release */,
			);
			defaultConfigurationIsVisible = 0;
			defaultConfigurationName = Release;
		};
/* End XCConfigurationList section */
	};
	rootObject = A348E0332AA9203000CCC934 /* Project object */;
}
