// !$*UTF8*$!
{
	archiveVersion = 1;
	classes = {
	};
	objectVersion = 56;
	objects = {

/* Begin PBXBuildFile section */
		C400F46128DFD8AC00861093 /* ThumbnailButton.swift in Sources */ = {isa = PBXBuildFile; fileRef = C400F45E28DFD8AC00861093 /* ThumbnailButton.swift */; };
		C400F46328DFDAB700861093 /* FoundationExtensions.swift in Sources */ = {isa = PBXBuildFile; fileRef = C400F46228DFDAB700861093 /* FoundationExtensions.swift */; };
		C424961F2889CDC400C05256 /* CaptureModeView.swift in Sources */ = {isa = PBXBuildFile; fileRef = C424961E2889CDC400C05256 /* CaptureModeView.swift */; };
		C442A31128BEAEA70029B42B /* MediaLibrary.swift in Sources */ = {isa = PBXBuildFile; fileRef = C442A31028BEAEA70029B42B /* MediaLibrary.swift */; };
		C44DC7BE289AC3DD0099BB87 /* PreviewContainer.swift in Sources */ = {isa = PBXBuildFile; fileRef = C44DC7BD289AC3DD0099BB87 /* PreviewContainer.swift */; };
		C4518410289C5FD700B35C89 /* ViewExtensions.swift in Sources */ = {isa = PBXBuildFile; fileRef = C451840F289C5FD700B35C89 /* ViewExtensions.swift */; };
		C472D846285BBFA60082244A /* DeviceLookup.swift in Sources */ = {isa = PBXBuildFile; fileRef = C472D845285BBFA60082244A /* DeviceLookup.swift */; };
		C472D84F285BDFA60082244A /* MainToolbar.swift in Sources */ = {isa = PBXBuildFile; fileRef = C472D84D285BDFA60082244A /* MainToolbar.swift */; };
		C475973128A71BEC00D1D029 /* CaptureButton.swift in Sources */ = {isa = PBXBuildFile; fileRef = C475973028A71BEC00D1D029 /* CaptureButton.swift */; };
		C48091852BD584AD00753C4A /* CameraModel.swift in Sources */ = {isa = PBXBuildFile; fileRef = C48091832BD584AD00753C4A /* CameraModel.swift */; };
		C480918B2BD59D7D00753C4A /* SPCObserver.swift in Sources */ = {isa = PBXBuildFile; fileRef = C48091892BD59D7D00753C4A /* SPCObserver.swift */; };
		C4A349DF28BD4B700056FAAF /* SwitchCameraButton.swift in Sources */ = {isa = PBXBuildFile; fileRef = C4A349DE28BD4B700056FAAF /* SwitchCameraButton.swift */; };
		C4C686232892E33E0038EDE1 /* RecordingTimeView.swift in Sources */ = {isa = PBXBuildFile; fileRef = C4C686222892E33E0038EDE1 /* RecordingTimeView.swift */; };
		C4CB95D02BF06EA6000CF8C7 /* CameraUI.swift in Sources */ = {isa = PBXBuildFile; fileRef = C4CB95CF2BF06EA6000CF8C7 /* CameraUI.swift */; };
		C4DCF51428947AFA00805EE2 /* PreviewCameraModel.swift in Sources */ = {isa = PBXBuildFile; fileRef = C4DCF51328947AFA00805EE2 /* PreviewCameraModel.swift */; };
		C4DFD84428C3E173005B74F0 /* DataTypes.swift in Sources */ = {isa = PBXBuildFile; fileRef = C4DFD84328C3E173005B74F0 /* DataTypes.swift */; };
		C4DFD84628C3ED3D005B74F0 /* StatusOverlayView.swift in Sources */ = {isa = PBXBuildFile; fileRef = C4DFD84528C3ED3D005B74F0 /* StatusOverlayView.swift */; };
		C4DFD84828C5665E005B74F0 /* LiveBadge.swift in Sources */ = {isa = PBXBuildFile; fileRef = C4DFD84728C5665E005B74F0 /* LiveBadge.swift */; };
		C4E15AAF2898620E00827683 /* CameraView.swift in Sources */ = {isa = PBXBuildFile; fileRef = C4E15AAE2898620E00827683 /* CameraView.swift */; };
		C4E15AB12898660900827683 /* PhotoCapture.swift in Sources */ = {isa = PBXBuildFile; fileRef = C4E15AB02898660900827683 /* PhotoCapture.swift */; };
		C4EA0DC02891EFC20085A584 /* MovieCapture.swift in Sources */ = {isa = PBXBuildFile; fileRef = C4EA0DBF2891EFC20085A584 /* MovieCapture.swift */; };
		C4EA0DC32891F2F80085A584 /* CaptureExtensions.swift in Sources */ = {isa = PBXBuildFile; fileRef = C4EA0DC22891F2F80085A584 /* CaptureExtensions.swift */; };
		C4EA0DCB289205C10085A584 /* FeatureToolbar.swift in Sources */ = {isa = PBXBuildFile; fileRef = C4EA0DCA289205C10085A584 /* FeatureToolbar.swift */; };
		C4F82C9D285ADDA2005D427A /* AVCamApp.swift in Sources */ = {isa = PBXBuildFile; fileRef = C4F82C9C285ADDA2005D427A /* AVCamApp.swift */; };
		C4F82CA1285ADDA3005D427A /* Assets.xcassets in Resources */ = {isa = PBXBuildFile; fileRef = C4F82CA0285ADDA3005D427A /* Assets.xcassets */; };
		C4F82CA5285ADDA3005D427A /* Preview Assets.xcassets in Resources */ = {isa = PBXBuildFile; fileRef = C4F82CA4285ADDA3005D427A /* Preview Assets.xcassets */; };
		C4F82CCA285AE13B005D427A /* Camera.swift in Sources */ = {isa = PBXBuildFile; fileRef = C4F82CC9285AE13B005D427A /* Camera.swift */; };
		C4F82CCC285AE206005D427A /* CaptureService.swift in Sources */ = {isa = PBXBuildFile; fileRef = C4F82CCB285AE206005D427A /* CaptureService.swift */; };
		C4F82CCE285AE233005D427A /* CameraPreview.swift in Sources */ = {isa = PBXBuildFile; fileRef = C4F82CCD285AE233005D427A /* CameraPreview.swift */; };
/* End PBXBuildFile section */

/* Begin PBXFileReference section */
		4171C532FBB2053E055D7336 /* SampleCode.xcconfig */ = {isa = PBXFileReference; name = SampleCode.xcconfig; path = Configuration/SampleCode.xcconfig; sourceTree = "<group>"; };
		7710E8B4E5AEBAFE7C73EBAA /* README.md */ = {isa = PBXFileReference; lastKnownFileType = net.daringfireball.markdown; path = README.md; sourceTree = "<group>"; };
		B92404E334D9008D3705950F /* LICENSE.txt */ = {isa = PBXFileReference; includeInIndex = 1; path = LICENSE.txt; sourceTree = "<group>"; };
		C400F45E28DFD8AC00861093 /* ThumbnailButton.swift */ = {isa = PBXFileReference; fileEncoding = 4; lastKnownFileType = sourcecode.swift; path = ThumbnailButton.swift; sourceTree = "<group>"; };
		C400F46228DFDAB700861093 /* FoundationExtensions.swift */ = {isa = PBXFileReference; lastKnownFileType = sourcecode.swift; path = FoundationExtensions.swift; sourceTree = "<group>"; };
		C424961E2889CDC400C05256 /* CaptureModeView.swift */ = {isa = PBXFileReference; lastKnownFileType = sourcecode.swift; path = CaptureModeView.swift; sourceTree = "<group>"; };
		C442A31028BEAEA70029B42B /* MediaLibrary.swift */ = {isa = PBXFileReference; fileEncoding = 4; lastKnownFileType = sourcecode.swift; path = MediaLibrary.swift; sourceTree = "<group>"; };
		C44DC7BD289AC3DD0099BB87 /* PreviewContainer.swift */ = {isa = PBXFileReference; fileEncoding = 4; lastKnownFileType = sourcecode.swift; path = PreviewContainer.swift; sourceTree = "<group>"; };
		C451840F289C5FD700B35C89 /* ViewExtensions.swift */ = {isa = PBXFileReference; lastKnownFileType = sourcecode.swift; path = ViewExtensions.swift; sourceTree = "<group>"; };
		C472D845285BBFA60082244A /* DeviceLookup.swift */ = {isa = PBXFileReference; lastKnownFileType = sourcecode.swift; path = DeviceLookup.swift; sourceTree = "<group>"; };
		C472D84D285BDFA60082244A /* MainToolbar.swift */ = {isa = PBXFileReference; fileEncoding = 4; lastKnownFileType = sourcecode.swift; path = MainToolbar.swift; sourceTree = "<group>"; };
		C475973028A71BEC00D1D029 /* CaptureButton.swift */ = {isa = PBXFileReference; lastKnownFileType = sourcecode.swift; path = CaptureButton.swift; sourceTree = "<group>"; };
		C48091832BD584AD00753C4A /* CameraModel.swift */ = {isa = PBXFileReference; lastKnownFileType = sourcecode.swift; path = CameraModel.swift; sourceTree = "<group>"; };
		C48091892BD59D7D00753C4A /* SPCObserver.swift */ = {isa = PBXFileReference; lastKnownFileType = sourcecode.swift; path = SPCObserver.swift; sourceTree = "<group>"; };
		C4A349DE28BD4B700056FAAF /* SwitchCameraButton.swift */ = {isa = PBXFileReference; lastKnownFileType = sourcecode.swift; path = SwitchCameraButton.swift; sourceTree = "<group>"; };
		C4C686222892E33E0038EDE1 /* RecordingTimeView.swift */ = {isa = PBXFileReference; lastKnownFileType = sourcecode.swift; path = RecordingTimeView.swift; sourceTree = "<group>"; };
		C4CB95CF2BF06EA6000CF8C7 /* CameraUI.swift */ = {isa = PBXFileReference; lastKnownFileType = sourcecode.swift; path = CameraUI.swift; sourceTree = "<group>"; };
		C4DCF51328947AFA00805EE2 /* PreviewCameraModel.swift */ = {isa = PBXFileReference; lastKnownFileType = sourcecode.swift; path = PreviewCameraModel.swift; sourceTree = "<group>"; };
		C4DFD84328C3E173005B74F0 /* DataTypes.swift */ = {isa = PBXFileReference; lastKnownFileType = sourcecode.swift; path = DataTypes.swift; sourceTree = "<group>"; };
		C4DFD84528C3ED3D005B74F0 /* StatusOverlayView.swift */ = {isa = PBXFileReference; fileEncoding = 4; lastKnownFileType = sourcecode.swift; path = StatusOverlayView.swift; sourceTree = "<group>"; };
		C4DFD84728C5665E005B74F0 /* LiveBadge.swift */ = {isa = PBXFileReference; lastKnownFileType = sourcecode.swift; path = LiveBadge.swift; sourceTree = "<group>"; };
		C4E15AAE2898620E00827683 /* CameraView.swift */ = {isa = PBXFileReference; lastKnownFileType = sourcecode.swift; path = CameraView.swift; sourceTree = "<group>"; };
		C4E15AB02898660900827683 /* PhotoCapture.swift */ = {isa = PBXFileReference; lastKnownFileType = sourcecode.swift; path = PhotoCapture.swift; sourceTree = "<group>"; };
		C4EA0DBF2891EFC20085A584 /* MovieCapture.swift */ = {isa = PBXFileReference; lastKnownFileType = sourcecode.swift; path = MovieCapture.swift; sourceTree = "<group>"; };
		C4EA0DC22891F2F80085A584 /* CaptureExtensions.swift */ = {isa = PBXFileReference; lastKnownFileType = sourcecode.swift; path = CaptureExtensions.swift; sourceTree = "<group>"; };
		C4EA0DCA289205C10085A584 /* FeatureToolbar.swift */ = {isa = PBXFileReference; lastKnownFileType = sourcecode.swift; path = FeatureToolbar.swift; sourceTree = "<group>"; };
		C4F82C99285ADDA2005D427A /* AVCam.app */ = {isa = PBXFileReference; explicitFileType = wrapper.application; includeInIndex = 0; path = AVCam.app; sourceTree = BUILT_PRODUCTS_DIR; };
		C4F82C9C285ADDA2005D427A /* AVCamApp.swift */ = {isa = PBXFileReference; lastKnownFileType = sourcecode.swift; path = AVCamApp.swift; sourceTree = "<group>"; };
		C4F82CA0285ADDA3005D427A /* Assets.xcassets */ = {isa = PBXFileReference; lastKnownFileType = folder.assetcatalog; path = Assets.xcassets; sourceTree = "<group>"; };
		C4F82CA4285ADDA3005D427A /* Preview Assets.xcassets */ = {isa = PBXFileReference; lastKnownFileType = folder.assetcatalog; path = "Preview Assets.xcassets"; sourceTree = "<group>"; };
		C4F82CC9285AE13B005D427A /* Camera.swift */ = {isa = PBXFileReference; lastKnownFileType = sourcecode.swift; path = Camera.swift; sourceTree = "<group>"; };
		C4F82CCB285AE206005D427A /* CaptureService.swift */ = {isa = PBXFileReference; fileEncoding = 4; lastKnownFileType = sourcecode.swift; path = CaptureService.swift; sourceTree = "<group>"; };
		C4F82CCD285AE233005D427A /* CameraPreview.swift */ = {isa = PBXFileReference; lastKnownFileType = sourcecode.swift; path = CameraPreview.swift; sourceTree = "<group>"; };
/* End PBXFileReference section */

/* Begin PBXFrameworksBuildPhase section */
		C4F82C96285ADDA2005D427A /* Frameworks */ = {
			isa = PBXFrameworksBuildPhase;
			buildActionMask = 2147483647;
			files = (
			);
			runOnlyForDeploymentPostprocessing = 0;
		};
/* End PBXFrameworksBuildPhase section */

/* Begin PBXGroup section */
		12C9517A9E72A121B2E3C5B4 /* Configuration */ = {
			isa = PBXGroup;
			children = (
				4171C532FBB2053E055D7336 /* SampleCode.xcconfig */,
			);
			name = Configuration;
			sourceTree = "<group>";
		};
		C400F46428DFDD4800861093 /* Toolbars */ = {
			isa = PBXGroup;
			children = (
				C400F46A28E00BFB00861093 /* MainToolbar */,
				C400F46B28E00C1F00861093 /* FeatureToolbar */,
			);
			path = Toolbars;
			sourceTree = "<group>";
		};
		C400F46528DFDDD800861093 /* Overlays */ = {
			isa = PBXGroup;
			children = (
				C4DFD84728C5665E005B74F0 /* LiveBadge.swift */,
				C4C686222892E33E0038EDE1 /* RecordingTimeView.swift */,
				C4DFD84528C3ED3D005B74F0 /* StatusOverlayView.swift */,
			);
			path = Overlays;
			sourceTree = "<group>";
		};
		C400F46A28E00BFB00861093 /* MainToolbar */ = {
			isa = PBXGroup;
			children = (
				C472D84D285BDFA60082244A /* MainToolbar.swift */,
				C475973028A71BEC00D1D029 /* CaptureButton.swift */,
				C400F45E28DFD8AC00861093 /* ThumbnailButton.swift */,
				C4A349DE28BD4B700056FAAF /* SwitchCameraButton.swift */,
			);
			path = MainToolbar;
			sourceTree = "<group>";
		};
		C400F46B28E00C1F00861093 /* FeatureToolbar */ = {
			isa = PBXGroup;
			children = (
				C4EA0DCA289205C10085A584 /* FeatureToolbar.swift */,
			);
			path = FeatureToolbar;
			sourceTree = "<group>";
		};
		C400F46C28E00C3500861093 /* Controls */ = {
			isa = PBXGroup;
			children = (
				C424961E2889CDC400C05256 /* CaptureModeView.swift */,
			);
			path = Controls;
			sourceTree = "<group>";
		};
		C470F0EF2899E2FB004D4515 /* Model */ = {
			isa = PBXGroup;
			children = (
				C4F82CC9285AE13B005D427A /* Camera.swift */,
				C4DFD84328C3E173005B74F0 /* DataTypes.swift */,
				C442A31028BEAEA70029B42B /* MediaLibrary.swift */,
			);
			path = Model;
			sourceTree = "<group>";
		};
		C472D847285BD4A40082244A /* Views */ = {
			isa = PBXGroup;
			children = (
				C44DC7BD289AC3DD0099BB87 /* PreviewContainer.swift */,
				C4F82CCD285AE233005D427A /* CameraPreview.swift */,
				C4CB95CF2BF06EA6000CF8C7 /* CameraUI.swift */,
				C400F46C28E00C3500861093 /* Controls */,
				C400F46428DFDD4800861093 /* Toolbars */,
				C400F46528DFDDD800861093 /* Overlays */,
			);
			path = Views;
			sourceTree = "<group>";
		};
		C47390512BC3464500EC7B9D /* Capture */ = {
			isa = PBXGroup;
			children = (
				C4E15AB02898660900827683 /* PhotoCapture.swift */,
				C4EA0DBF2891EFC20085A584 /* MovieCapture.swift */,
				C472D845285BBFA60082244A /* DeviceLookup.swift */,
				C48091892BD59D7D00753C4A /* SPCObserver.swift */,
			);
			path = Capture;
			sourceTree = "<group>";
		};
		C4EA0DC12891F2D60085A584 /* Support */ = {
			isa = PBXGroup;
			children = (
				C4EA0DC22891F2F80085A584 /* CaptureExtensions.swift */,
				C400F46228DFDAB700861093 /* FoundationExtensions.swift */,
				C451840F289C5FD700B35C89 /* ViewExtensions.swift */,
			);
			path = Support;
			sourceTree = "<group>";
		};
		C4F82C90285ADDA2005D427A = {
			isa = PBXGroup;
			children = (
				7710E8B4E5AEBAFE7C73EBAA /* README.md */,
				C4F82C9B285ADDA2005D427A /* AVCam */,
				C4F82C9A285ADDA2005D427A /* Products */,
				12C9517A9E72A121B2E3C5B4 /* Configuration */,
				FCF92A11B01F69F19EA587A6 /* LICENSE */,
			);
			sourceTree = "<group>";
		};
		C4F82C9A285ADDA2005D427A /* Products */ = {
			isa = PBXGroup;
			children = (
				C4F82C99285ADDA2005D427A /* AVCam.app */,
			);
			name = Products;
			sourceTree = "<group>";
		};
		C4F82C9B285ADDA2005D427A /* AVCam */ = {
			isa = PBXGroup;
			children = (
				C4F82C9C285ADDA2005D427A /* AVCamApp.swift */,
				C48091832BD584AD00753C4A /* CameraModel.swift */,
				C4F82CCB285AE206005D427A /* CaptureService.swift */,
				C4E15AAE2898620E00827683 /* CameraView.swift */,
				C47390512BC3464500EC7B9D /* Capture */,
				C470F0EF2899E2FB004D4515 /* Model */,
				C472D847285BD4A40082244A /* Views */,
				C4EA0DC12891F2D60085A584 /* Support */,
				C4F82CA0285ADDA3005D427A /* Assets.xcassets */,
				C4F82CA3285ADDA3005D427A /* Preview Content */,
			);
			path = AVCam;
			sourceTree = "<group>";
		};
		C4F82CA3285ADDA3005D427A /* Preview Content */ = {
			isa = PBXGroup;
			children = (
				C4F82CA4285ADDA3005D427A /* Preview Assets.xcassets */,
				C4DCF51328947AFA00805EE2 /* PreviewCameraModel.swift */,
			);
			path = "Preview Content";
			sourceTree = "<group>";
		};
		FCF92A11B01F69F19EA587A6 /* LICENSE */ = {
			isa = PBXGroup;
			children = (
				B92404E334D9008D3705950F /* LICENSE.txt */,
			);
			name = LICENSE;
			path = .;
			sourceTree = "<group>";
		};
/* End PBXGroup section */

/* Begin PBXNativeTarget section */
		C4F82C98285ADDA2005D427A /* AVCam */ = {
			isa = PBXNativeTarget;
			buildConfigurationList = C4F82CBE285ADDA4005D427A /* Build configuration list for PBXNativeTarget "AVCam" */;
			buildPhases = (
				C4F82C95285ADDA2005D427A /* Sources */,
				C4F82C96285ADDA2005D427A /* Frameworks */,
				C4F82C97285ADDA2005D427A /* Resources */,
			);
			buildRules = (
			);
			dependencies = (
			);
			name = AVCam;
			productName = AVCam;
			productReference = C4F82C99285ADDA2005D427A /* AVCam.app */;
			productType = "com.apple.product-type.application";
		};
/* End PBXNativeTarget section */

/* Begin PBXProject section */
		C4F82C91285ADDA2005D427A /* Project object */ = {
			isa = PBXProject;
			attributes = {
				BuildIndependentTargetsInParallel = 1;
				DefaultBuildSystemTypeForWorkspace = Latest;
				LastSwiftUpdateCheck = 1600;
				LastUpgradeCheck = 1600;
				ORGANIZATIONNAME = Apple;
				TargetAttributes = {
					C4F82C98285ADDA2005D427A = {
						CreatedOnToolsVersion = 14.0;
					};
				};
			};
			buildConfigurationList = C4F82C94285ADDA2005D427A /* Build configuration list for PBXProject "AVCam" */;
			compatibilityVersion = "Xcode 14.0";
			developmentRegion = en;
			hasScannedForEncodings = 0;
			knownRegions = (
				en,
				Base,
			);
			mainGroup = C4F82C90285ADDA2005D427A;
			productRefGroup = C4F82C9A285ADDA2005D427A /* Products */;
			projectDirPath = "";
			projectRoot = "";
			targets = (
				C4F82C98285ADDA2005D427A /* AVCam */,
			);
		};
/* End PBXProject section */

/* Begin PBXResourcesBuildPhase section */
		C4F82C97285ADDA2005D427A /* Resources */ = {
			isa = PBXResourcesBuildPhase;
			buildActionMask = 2147483647;
			files = (
				C4F82CA5285ADDA3005D427A /* Preview Assets.xcassets in Resources */,
				C4F82CA1285ADDA3005D427A /* Assets.xcassets in Resources */,
			);
			runOnlyForDeploymentPostprocessing = 0;
		};
/* End PBXResourcesBuildPhase section */

/* Begin PBXSourcesBuildPhase section */
		C4F82C95285ADDA2005D427A /* Sources */ = {
			isa = PBXSourcesBuildPhase;
			buildActionMask = 2147483647;
			files = (
				C4A349DF28BD4B700056FAAF /* SwitchCameraButton.swift in Sources */,
				C44DC7BE289AC3DD0099BB87 /* PreviewContainer.swift in Sources */,
				C4DCF51428947AFA00805EE2 /* PreviewCameraModel.swift in Sources */,
				C48091852BD584AD00753C4A /* CameraModel.swift in Sources */,
				C4F82CCE285AE233005D427A /* CameraPreview.swift in Sources */,
				C4F82CCA285AE13B005D427A /* Camera.swift in Sources */,
				C4E15AB12898660900827683 /* PhotoCapture.swift in Sources */,
				C480918B2BD59D7D00753C4A /* SPCObserver.swift in Sources */,
				C4F82CCC285AE206005D427A /* CaptureService.swift in Sources */,
				C4F82C9D285ADDA2005D427A /* AVCamApp.swift in Sources */,
				C4EA0DCB289205C10085A584 /* FeatureToolbar.swift in Sources */,
				C472D84F285BDFA60082244A /* MainToolbar.swift in Sources */,
				C4DFD84828C5665E005B74F0 /* LiveBadge.swift in Sources */,
				C400F46128DFD8AC00861093 /* ThumbnailButton.swift in Sources */,
				C4E15AAF2898620E00827683 /* CameraView.swift in Sources */,
				C424961F2889CDC400C05256 /* CaptureModeView.swift in Sources */,
				C442A31128BEAEA70029B42B /* MediaLibrary.swift in Sources */,
				C4CB95D02BF06EA6000CF8C7 /* CameraUI.swift in Sources */,
				C4C686232892E33E0038EDE1 /* RecordingTimeView.swift in Sources */,
				C4DFD84428C3E173005B74F0 /* DataTypes.swift in Sources */,
				C4EA0DC02891EFC20085A584 /* MovieCapture.swift in Sources */,
				C4EA0DC32891F2F80085A584 /* CaptureExtensions.swift in Sources */,
				C472D846285BBFA60082244A /* DeviceLookup.swift in Sources */,
				C400F46328DFDAB700861093 /* FoundationExtensions.swift in Sources */,
				C475973128A71BEC00D1D029 /* CaptureButton.swift in Sources */,
				C4518410289C5FD700B35C89 /* ViewExtensions.swift in Sources */,
				C4DFD84628C3ED3D005B74F0 /* StatusOverlayView.swift in Sources */,
			);
			runOnlyForDeploymentPostprocessing = 0;
		};
/* End PBXSourcesBuildPhase section */

/* Begin XCBuildConfiguration section */
		C4F82CBC285ADDA4005D427A /* Debug */ = {
			isa = XCBuildConfiguration;
			baseConfigurationReference = 4171C532FBB2053E055D7336 /* SampleCode.xcconfig */;
			buildSettings = {
				ALWAYS_SEARCH_USER_PATHS = NO;
				ASSETCATALOG_COMPILER_GENERATE_SWIFT_ASSET_SYMBOL_EXTENSIONS = YES;
				CLANG_ANALYZER_NONNULL = YES;
				CLANG_ANALYZER_NUMBER_OBJECT_CONVERSION = YES_AGGRESSIVE;
				CLANG_CXX_LANGUAGE_STANDARD = "gnu++17";
				CLANG_ENABLE_MODULES = YES;
				CLANG_ENABLE_OBJC_ARC = YES;
				CLANG_ENABLE_OBJC_WEAK = YES;
				CLANG_WARN_BLOCK_CAPTURE_AUTORELEASING = YES;
				CLANG_WARN_BOOL_CONVERSION = YES;
				CLANG_WARN_COMMA = YES;
				CLANG_WARN_CONSTANT_CONVERSION = YES;
				CLANG_WARN_DEPRECATED_OBJC_IMPLEMENTATIONS = YES;
				CLANG_WARN_DIRECT_OBJC_ISA_USAGE = YES_ERROR;
				CLANG_WARN_DOCUMENTATION_COMMENTS = YES;
				CLANG_WARN_EMPTY_BODY = YES;
				CLANG_WARN_ENUM_CONVERSION = YES;
				CLANG_WARN_INFINITE_RECURSION = YES;
				CLANG_WARN_INT_CONVERSION = YES;
				CLANG_WARN_NON_LITERAL_NULL_CONVERSION = YES;
				CLANG_WARN_OBJC_IMPLICIT_RETAIN_SELF = YES;
				CLANG_WARN_OBJC_LITERAL_CONVERSION = YES;
				CLANG_WARN_OBJC_ROOT_CLASS = YES_ERROR;
				CLANG_WARN_QUOTED_INCLUDE_IN_FRAMEWORK_HEADER = YES;
				CLANG_WARN_RANGE_LOOP_ANALYSIS = YES;
				CLANG_WARN_STRICT_PROTOTYPES = YES;
				CLANG_WARN_SUSPICIOUS_MOVE = YES;
				CLANG_WARN_UNGUARDED_AVAILABILITY = YES_AGGRESSIVE;
				CLANG_WARN_UNREACHABLE_CODE = YES;
				CLANG_WARN__DUPLICATE_METHOD_MATCH = YES;
				COPY_PHASE_STRIP = NO;
				DEAD_CODE_STRIPPING = YES;
				DEBUG_INFORMATION_FORMAT = dwarf;
				ENABLE_STRICT_OBJC_MSGSEND = YES;
				ENABLE_TESTABILITY = YES;
				ENABLE_USER_SCRIPT_SANDBOXING = YES;
				GCC_C_LANGUAGE_STANDARD = gnu11;
				GCC_DYNAMIC_NO_PIC = NO;
				GCC_NO_COMMON_BLOCKS = YES;
				GCC_OPTIMIZATION_LEVEL = 0;
				GCC_PREPROCESSOR_DEFINITIONS = (
					"DEBUG=1",
					"$(inherited)",
				);
				GCC_WARN_64_TO_32_BIT_CONVERSION = YES;
				GCC_WARN_ABOUT_RETURN_TYPE = YES_ERROR;
				GCC_WARN_UNDECLARED_SELECTOR = YES;
				GCC_WARN_UNINITIALIZED_AUTOS = YES_AGGRESSIVE;
				GCC_WARN_UNUSED_FUNCTION = YES;
				GCC_WARN_UNUSED_VARIABLE = YES;
				IPHONEOS_DEPLOYMENT_TARGET = 18.0;
				MACOSX_DEPLOYMENT_TARGET = 15.0;
				MTL_ENABLE_DEBUG_INFO = INCLUDE_SOURCE;
				MTL_FAST_MATH = YES;
				ONLY_ACTIVE_ARCH = YES;
				SWIFT_ACTIVE_COMPILATION_CONDITIONS = DEBUG;
				SWIFT_OPTIMIZATION_LEVEL = "-Onone";
			};
			name = Debug;
		};
		C4F82CBD285ADDA4005D427A /* Release */ = {
			isa = XCBuildConfiguration;
			baseConfigurationReference = 4171C532FBB2053E055D7336 /* SampleCode.xcconfig */;
			buildSettings = {
				ALWAYS_SEARCH_USER_PATHS = NO;
				ASSETCATALOG_COMPILER_GENERATE_SWIFT_ASSET_SYMBOL_EXTENSIONS = YES;
				CLANG_ANALYZER_NONNULL = YES;
				CLANG_ANALYZER_NUMBER_OBJECT_CONVERSION = YES_AGGRESSIVE;
				CLANG_CXX_LANGUAGE_STANDARD = "gnu++17";
				CLANG_ENABLE_MODULES = YES;
				CLANG_ENABLE_OBJC_ARC = YES;
				CLANG_ENABLE_OBJC_WEAK = YES;
				CLANG_WARN_BLOCK_CAPTURE_AUTORELEASING = YES;
				CLANG_WARN_BOOL_CONVERSION = YES;
				CLANG_WARN_COMMA = YES;
				CLANG_WARN_CONSTANT_CONVERSION = YES;
				CLANG_WARN_DEPRECATED_OBJC_IMPLEMENTATIONS = YES;
				CLANG_WARN_DIRECT_OBJC_ISA_USAGE = YES_ERROR;
				CLANG_WARN_DOCUMENTATION_COMMENTS = YES;
				CLANG_WARN_EMPTY_BODY = YES;
				CLANG_WARN_ENUM_CONVERSION = YES;
				CLANG_WARN_INFINITE_RECURSION = YES;
				CLANG_WARN_INT_CONVERSION = YES;
				CLANG_WARN_NON_LITERAL_NULL_CONVERSION = YES;
				CLANG_WARN_OBJC_IMPLICIT_RETAIN_SELF = YES;
				CLANG_WARN_OBJC_LITERAL_CONVERSION = YES;
				CLANG_WARN_OBJC_ROOT_CLASS = YES_ERROR;
				CLANG_WARN_QUOTED_INCLUDE_IN_FRAMEWORK_HEADER = YES;
				CLANG_WARN_RANGE_LOOP_ANALYSIS = YES;
				CLANG_WARN_STRICT_PROTOTYPES = YES;
				CLANG_WARN_SUSPICIOUS_MOVE = YES;
				CLANG_WARN_UNGUARDED_AVAILABILITY = YES_AGGRESSIVE;
				CLANG_WARN_UNREACHABLE_CODE = YES;
				CLANG_WARN__DUPLICATE_METHOD_MATCH = YES;
				COPY_PHASE_STRIP = NO;
				DEAD_CODE_STRIPPING = YES;
				DEBUG_INFORMATION_FORMAT = "dwarf-with-dsym";
				ENABLE_NS_ASSERTIONS = NO;
				ENABLE_STRICT_OBJC_MSGSEND = YES;
				ENABLE_USER_SCRIPT_SANDBOXING = YES;
				GCC_C_LANGUAGE_STANDARD = gnu11;
				GCC_NO_COMMON_BLOCKS = YES;
				GCC_WARN_64_TO_32_BIT_CONVERSION = YES;
				GCC_WARN_ABOUT_RETURN_TYPE = YES_ERROR;
				GCC_WARN_UNDECLARED_SELECTOR = YES;
				GCC_WARN_UNINITIALIZED_AUTOS = YES_AGGRESSIVE;
				GCC_WARN_UNUSED_FUNCTION = YES;
				GCC_WARN_UNUSED_VARIABLE = YES;
				IPHONEOS_DEPLOYMENT_TARGET = 18.0;
				MACOSX_DEPLOYMENT_TARGET = 15.0;
				MTL_ENABLE_DEBUG_INFO = NO;
				MTL_FAST_MATH = YES;
				SWIFT_COMPILATION_MODE = wholemodule;
				SWIFT_OPTIMIZATION_LEVEL = "-O";
			};
			name = Release;
		};
		C4F82CBF285ADDA4005D427A /* Debug */ = {
			isa = XCBuildConfiguration;
			baseConfigurationReference = 4171C532FBB2053E055D7336 /* SampleCode.xcconfig */;
			buildSettings = {
				ASSETCATALOG_COMPILER_APPICON_NAME = AppIcon;
				ASSETCATALOG_COMPILER_GLOBAL_ACCENT_COLOR_NAME = AccentColor;
				CODE_SIGN_IDENTITY = "Apple Development";
				CODE_SIGN_STYLE = Automatic;
				CURRENT_PROJECT_VERSION = 1;
				DEAD_CODE_STRIPPING = YES;
				DEVELOPMENT_ASSET_PATHS = "\"AVCam/Preview Content\"";
				DEVELOPMENT_TEAM = "";
				ENABLE_HARDENED_RUNTIME = YES;
				"ENABLE_HARDENED_RUNTIME[sdk=macosx*]" = YES;
				ENABLE_PREVIEWS = YES;
				ENABLE_USER_SCRIPT_SANDBOXING = YES;
				GENERATE_INFOPLIST_FILE = YES;
				INFOPLIST_KEY_LSApplicationCategoryType = "public.app-category.photography";
				INFOPLIST_KEY_NSCameraUsageDescription = "To capture photos and videos.";
				INFOPLIST_KEY_NSLocationWhenInUseUsageDescription = "AVCam uses your location to tag where photos and videos are taken.";
				INFOPLIST_KEY_NSMicrophoneUsageDescription = "To record audio for Live Photos and videos.";
				INFOPLIST_KEY_NSPhotoLibraryUsageDescription = "To save captured photos and videos.";
				INFOPLIST_KEY_UILaunchScreen_Generation = YES;
				"INFOPLIST_KEY_UILaunchScreen_Generation[sdk=iphoneos*]" = YES;
				"INFOPLIST_KEY_UILaunchScreen_Generation[sdk=iphonesimulator*]" = YES;
				INFOPLIST_KEY_UIRequiresFullScreen = NO;
				INFOPLIST_KEY_UISupportedInterfaceOrientations = UIInterfaceOrientationPortrait;
				INFOPLIST_KEY_UISupportedInterfaceOrientations_iPad = "UIInterfaceOrientationLandscapeLeft UIInterfaceOrientationLandscapeRight UIInterfaceOrientationPortrait UIInterfaceOrientationPortraitUpsideDown";
				INFOPLIST_KEY_UIUserInterfaceStyle = Dark;
				IPHONEOS_DEPLOYMENT_TARGET = 18.0;
				LD_RUNPATH_SEARCH_PATHS = "@executable_path/Frameworks";
				"LD_RUNPATH_SEARCH_PATHS[sdk=macosx*]" = "@executable_path/../Frameworks";
				MACOSX_DEPLOYMENT_TARGET = 13.0;
				MARKETING_VERSION = 1.0;
				PRODUCT_BUNDLE_IDENTIFIER = "com.example.apple-samplecode.AVCam${SAMPLE_CODE_DISAMBIGUATOR}";
				PRODUCT_NAME = "$(TARGET_NAME)";
				PROVISIONING_PROFILE_SPECIFIER = "";
				SDKROOT = iphoneos;
				SUPPORTED_PLATFORMS = "iphoneos iphonesimulator";
				SUPPORTS_MACCATALYST = NO;
				SUPPORTS_MAC_DESIGNED_FOR_IPHONE_IPAD = YES;
				SWIFT_EMIT_LOC_STRINGS = YES;
				SWIFT_STRICT_CONCURRENCY = minimal;
				SWIFT_VERSION = 5.0;
				TARGETED_DEVICE_FAMILY = "1,2";
			};
			name = Debug;
		};
		C4F82CC0285ADDA4005D427A /* Release */ = {
			isa = XCBuildConfiguration;
			baseConfigurationReference = 4171C532FBB2053E055D7336 /* SampleCode.xcconfig */;
			buildSettings = {
				ASSETCATALOG_COMPILER_APPICON_NAME = AppIcon;
				ASSETCATALOG_COMPILER_GLOBAL_ACCENT_COLOR_NAME = AccentColor;
				CODE_SIGN_IDENTITY = "Apple Development";
				CODE_SIGN_STYLE = Automatic;
				CURRENT_PROJECT_VERSION = 1;
				DEAD_CODE_STRIPPING = YES;
				DEVELOPMENT_ASSET_PATHS = "\"AVCam/Preview Content\"";
				DEVELOPMENT_TEAM = "";
				ENABLE_HARDENED_RUNTIME = YES;
				"ENABLE_HARDENED_RUNTIME[sdk=macosx*]" = YES;
				ENABLE_PREVIEWS = YES;
				ENABLE_USER_SCRIPT_SANDBOXING = YES;
				GENERATE_INFOPLIST_FILE = YES;
				INFOPLIST_KEY_LSApplicationCategoryType = "public.app-category.photography";
				INFOPLIST_KEY_NSCameraUsageDescription = "To capture photos and videos.";
				INFOPLIST_KEY_NSLocationWhenInUseUsageDescription = "AVCam uses your location to tag where photos and videos are taken.";
				INFOPLIST_KEY_NSMicrophoneUsageDescription = "To record audio for Live Photos and videos.";
				INFOPLIST_KEY_NSPhotoLibraryUsageDescription = "To save captured photos and videos.";
				INFOPLIST_KEY_UILaunchScreen_Generation = YES;
				"INFOPLIST_KEY_UILaunchScreen_Generation[sdk=iphoneos*]" = YES;
				"INFOPLIST_KEY_UILaunchScreen_Generation[sdk=iphonesimulator*]" = YES;
				INFOPLIST_KEY_UIRequiresFullScreen = NO;
				INFOPLIST_KEY_UISupportedInterfaceOrientations = UIInterfaceOrientationPortrait;
				INFOPLIST_KEY_UISupportedInterfaceOrientations_iPad = "UIInterfaceOrientationLandscapeLeft UIInterfaceOrientationLandscapeRight UIInterfaceOrientationPortrait UIInterfaceOrientationPortraitUpsideDown";
				INFOPLIST_KEY_UIUserInterfaceStyle = Dark;
				IPHONEOS_DEPLOYMENT_TARGET = 18.0;
				LD_RUNPATH_SEARCH_PATHS = "@executable_path/Frameworks";
				"LD_RUNPATH_SEARCH_PATHS[sdk=macosx*]" = "@executable_path/../Frameworks";
				MACOSX_DEPLOYMENT_TARGET = 13.0;
				MARKETING_VERSION = 1.0;
				PRODUCT_BUNDLE_IDENTIFIER = "com.example.apple-samplecode.AVCam${SAMPLE_CODE_DISAMBIGUATOR}";
				PRODUCT_NAME = "$(TARGET_NAME)";
				PROVISIONING_PROFILE_SPECIFIER = "";
				SDKROOT = iphoneos;
				SUPPORTED_PLATFORMS = "iphoneos iphonesimulator";
				SUPPORTS_MACCATALYST = NO;
				SUPPORTS_MAC_DESIGNED_FOR_IPHONE_IPAD = YES;
				SWIFT_EMIT_LOC_STRINGS = YES;
				SWIFT_STRICT_CONCURRENCY = minimal;
				SWIFT_VERSION = 5.0;
				TARGETED_DEVICE_FAMILY = "1,2";
			};
			name = Release;
		};
/* End XCBuildConfiguration section */

/* Begin XCConfigurationList section */
		C4F82C94285ADDA2005D427A /* Build configuration list for PBXProject "AVCam" */ = {
			isa = XCConfigurationList;
			buildConfigurations = (
				C4F82CBC285ADDA4005D427A /* Debug */,
				C4F82CBD285ADDA4005D427A /* Release */,
			);
			defaultConfigurationIsVisible = 0;
			defaultConfigurationName = Release;
		};
		C4F82CBE285ADDA4005D427A /* Build configuration list for PBXNativeTarget "AVCam" */ = {
			isa = XCConfigurationList;
			buildConfigurations = (
				C4F82CBF285ADDA4005D427A /* Debug */,
				C4F82CC0285ADDA4005D427A /* Release */,
			);
			defaultConfigurationIsVisible = 0;
			defaultConfigurationName = Release;
		};
/* End XCConfigurationList section */
	};
	rootObject = C4F82C91285ADDA2005D427A /* Project object */;
}
